// !$*UTF8*$!
{
	archiveVersion = 1;
	classes = {
	};
	objectVersion = 48;
	objects = {

/* Begin PBXBuildFile section */
		852B5B3020663F3B000C1AF3 /* AppDelegate.swift in Sources */ = {isa = PBXBuildFile; fileRef = 852B5B2F20663F3B000C1AF3 /* AppDelegate.swift */; };
		852B5B3220663F3B000C1AF3 /* ViewController.swift in Sources */ = {isa = PBXBuildFile; fileRef = 852B5B3120663F3B000C1AF3 /* ViewController.swift */; };
		852B5B3520663F3B000C1AF3 /* Main.storyboard in Resources */ = {isa = PBXBuildFile; fileRef = 852B5B3320663F3B000C1AF3 /* Main.storyboard */; };
		852B5B3720663F3B000C1AF3 /* Assets.xcassets in Resources */ = {isa = PBXBuildFile; fileRef = 852B5B3620663F3B000C1AF3 /* Assets.xcassets */; };
		852B5B3A20663F3B000C1AF3 /* LaunchScreen.storyboard in Resources */ = {isa = PBXBuildFile; fileRef = 852B5B3820663F3B000C1AF3 /* LaunchScreen.storyboard */; };
/* End PBXBuildFile section */

/* Begin PBXFileReference section */
		852B5B2C20663F3B000C1AF3 /* HelloUIPickerView.app */ = {isa = PBXFileReference; explicitFileType = wrapper.application; includeInIndex = 0; path = HelloUIPickerView.app; sourceTree = BUILT_PRODUCTS_DIR; };
		852B5B2F20663F3B000C1AF3 /* AppDelegate.swift */ = {isa = PBXFileReference; lastKnownFileType = sourcecode.swift; path = AppDelegate.swift; sourceTree = "<group>"; };
		852B5B3120663F3B000C1AF3 /* ViewController.swift */ = {isa = PBXFileReference; lastKnownFileType = sourcecode.swift; path = ViewController.swift; sourceTree = "<group>"; };
		852B5B3420663F3B000C1AF3 /* Base */ = {isa = PBXFileReference; lastKnownFileType = file.storyboard; name = Base; path = Base.lproj/Main.storyboard; sourceTree = "<group>"; };
		852B5B3620663F3B000C1AF3 /* Assets.xcassets */ = {isa = PBXFileReference; lastKnownFileType = folder.assetcatalog; path = Assets.xcassets; sourceTree = "<group>"; };
		852B5B3920663F3B000C1AF3 /* Base */ = {isa = PBXFileReference; lastKnownFileType = file.storyboard; name = Base; path = Base.lproj/LaunchScreen.storyboard; sourceTree = "<group>"; };
		852B5B3B20663F3B000C1AF3 /* Info.plist */ = {isa = PBXFileReference; lastKnownFileType = text.plist.xml; path = Info.plist; sourceTree = "<group>"; };
/* End PBXFileReference section */

/* Begin PBXFrameworksBuildPhase section */
		852B5B2920663F3A000C1AF3 /* Frameworks */ = {
			isa = PBXFrameworksBuildPhase;
			buildActionMask = 2147483647;
			files = (
			);
			runOnlyForDeploymentPostprocessing = 0;
		};
/* End PBXFrameworksBuildPhase section */

/* Begin PBXGroup section */
		852B5B2320663F3A000C1AF3 = {
			isa = PBXGroup;
			children = (
				852B5B2E20663F3B000C1AF3 /* HelloUIPickerView */,
				852B5B2D20663F3B000C1AF3 /* Products */,
			);
			sourceTree = "<group>";
		};
		852B5B2D20663F3B000C1AF3 /* Products */ = {
			isa = PBXGroup;
			children = (
				852B5B2C20663F3B000C1AF3 /* HelloUIPickerView.app */,
			);
			name = Products;
			sourceTree = "<group>";
		};
		852B5B2E20663F3B000C1AF3 /* HelloUIPickerView */ = {
			isa = PBXGroup;
			children = (
				852B5B2F20663F3B000C1AF3 /* AppDelegate.swift */,
				852B5B3120663F3B000C1AF3 /* ViewController.swift */,
				852B5B3320663F3B000C1AF3 /* Main.storyboard */,
				852B5B3620663F3B000C1AF3 /* Assets.xcassets */,
				852B5B3820663F3B000C1AF3 /* LaunchScreen.storyboard */,
				852B5B3B20663F3B000C1AF3 /* Info.plist */,
			);
			path = HelloUIPickerView;
			sourceTree = "<group>";
		};
/* End PBXGroup section */

/* Begin PBXNativeTarget section */
		852B5B2B20663F3A000C1AF3 /* HelloUIPickerView */ = {
			isa = PBXNativeTarget;
			buildConfigurationList = 852B5B3E20663F3B000C1AF3 /* Build configuration list for PBXNativeTarget "HelloUIPickerView" */;
			buildPhases = (
				852B5B2820663F3A000C1AF3 /* Sources */,
				852B5B2920663F3A000C1AF3 /* Frameworks */,
				852B5B2A20663F3A000C1AF3 /* Resources */,
			);
			buildRules = (
			);
			dependencies = (
			);
			name = HelloUIPickerView;
			productName = HelloUIPickerView;
			productReference = 852B5B2C20663F3B000C1AF3 /* HelloUIPickerView.app */;
			productType = "com.apple.product-type.application";
		};
/* End PBXNativeTarget section */

/* Begin PBXProject section */
		852B5B2420663F3A000C1AF3 /* Project object */ = {
			isa = PBXProject;
			attributes = {
				LastSwiftUpdateCheck = 0920;
				LastUpgradeCheck = 0920;
				ORGANIZATIONNAME = AppsAdamLin;
				TargetAttributes = {
					852B5B2B20663F3A000C1AF3 = {
						CreatedOnToolsVersion = 9.2;
						ProvisioningStyle = Automatic;
					};
				};
			};
			buildConfigurationList = 852B5B2720663F3A000C1AF3 /* Build configuration list for PBXProject "HelloUIPickerView" */;
			compatibilityVersion = "Xcode 8.0";
			developmentRegion = en;
			hasScannedForEncodings = 0;
			knownRegions = (
				en,
				Base,
			);
			mainGroup = 852B5B2320663F3A000C1AF3;
			productRefGroup = 852B5B2D20663F3B000C1AF3 /* Products */;
			projectDirPath = "";
			projectRoot = "";
			targets = (
				852B5B2B20663F3A000C1AF3 /* HelloUIPickerView */,
			);
		};
/* End PBXProject section */

/* Begin PBXResourcesBuildPhase section */
		852B5B2A20663F3A000C1AF3 /* Resources */ = {
			isa = PBXResourcesBuildPhase;
			buildActionMask = 2147483647;
			files = (
				852B5B3A20663F3B000C1AF3 /* LaunchScreen.storyboard in Resources */,
				852B5B3720663F3B000C1AF3 /* Assets.xcassets in Resources */,
				852B5B3520663F3B000C1AF3 /* Main.storyboard in Resources */,
			);
			runOnlyForDeploymentPostprocessing = 0;
		};
/* End PBXResourcesBuildPhase section */

/* Begin PBXSourcesBuildPhase section */
		852B5B2820663F3A000C1AF3 /* Sources */ = {
			isa = PBXSourcesBuildPhase;
			buildActionMask = 2147483647;
			files = (
				852B5B3220663F3B000C1AF3 /* ViewController.swift in Sources */,
				852B5B3020663F3B000C1AF3 /* AppDelegate.swift in Sources */,
			);
			runOnlyForDeploymentPostprocessing = 0;
		};
/* End PBXSourcesBuildPhase section */

/* Begin PBXVariantGroup section */
		852B5B3320663F3B000C1AF3 /* Main.storyboard */ = {
			isa = PBXVariantGroup;
			children = (
				852B5B3420663F3B000C1AF3 /* Base */,
			);
			name = Main.storyboard;
			sourceTree = "<group>";
		};
		852B5B3820663F3B000C1AF3 /* LaunchScreen.storyboard */ = {
			isa = PBXVariantGroup;
			children = (
				852B5B3920663F3B000C1AF3 /* Base */,
			);
			name = LaunchScreen.storyboard;
			sourceTree = "<group>";
		};
/* End PBXVariantGroup section */

/* Begin XCBuildConfiguration section */
		852B5B3C20663F3B000C1AF3 /* Debug */ = {
			isa = XCBuildConfiguration;
			buildSettings = {
				ALWAYS_SEARCH_USER_PATHS = NO;
				CLANG_ANALYZER_NONNULL = YES;
				CLANG_ANALYZER_NUMBER_OBJECT_CONVERSION = YES_AGGRESSIVE;
				CLANG_CXX_LANGUAGE_STANDARD = "gnu++14";
				CLANG_CXX_LIBRARY = "libc++";
				CLANG_ENABLE_MODULES = YES;
				CLANG_ENABLE_OBJC_ARC = YES;
				CLANG_WARN_BLOCK_CAPTURE_AUTORELEASING = YES;
				CLANG_WARN_BOOL_CONVERSION = YES;
				CLANG_WARN_COMMA = YES;
				CLANG_WARN_CONSTANT_CONVERSION = YES;
				CLANG_WARN_DIRECT_OBJC_ISA_USAGE = YES_ERROR;
				CLANG_WARN_DOCUMENTATION_COMMENTS = YES;
				CLANG_WARN_EMPTY_BODY = YES;
				CLANG_WARN_ENUM_CONVERSION = YES;
				CLANG_WARN_INFINITE_RECURSION = YES;
				CLANG_WARN_INT_CONVERSION = YES;
				CLANG_WARN_NON_LITERAL_NULL_CONVERSION = YES;
				CLANG_WARN_OBJC_LITERAL_CONVERSION = YES;
				CLANG_WARN_OBJC_ROOT_CLASS = YES_ERROR;
				CLANG_WARN_RANGE_LOOP_ANALYSIS = YES;
				CLANG_WARN_STRICT_PROTOTYPES = YES;
				CLANG_WARN_SUSPICIOUS_MOVE = YES;
				CLANG_WARN_UNGUARDED_AVAILABILITY = YES_AGGRESSIVE;
				CLANG_WARN_UNREACHABLE_CODE = YES;
				CLANG_WARN__DUPLICATE_METHOD_MATCH = YES;
				CODE_SIGN_IDENTITY = "iPhone Developer";
				COPY_PHASE_STRIP = NO;
				DEBUG_INFORMATION_FORMAT = dwarf;
				ENABLE_STRICT_OBJC_MSGSEND = YES;
				ENABLE_TESTABILITY = YES;
				GCC_C_LANGUAGE_STANDARD = gnu11;
				GCC_DYNAMIC_NO_PIC = NO;
				GCC_NO_COMMON_BLOCKS = YES;
				GCC_OPTIMIZATION_LEVEL = 0;
				GCC_PREPROCESSOR_DEFINITIONS = (
					"DEBUG=1",
					"$(inherited)",
				);
				GCC_WARN_64_TO_32_BIT_CONVERSION = YES;
				GCC_WARN_ABOUT_RETURN_TYPE = YES_ERROR;
				GCC_WARN_UNDECLARED_SELECTOR = YES;
				GCC_WARN_UNINITIALIZED_AUTOS = YES_AGGRESSIVE;
				GCC_WARN_UNUSED_FUNCTION = YES;
				GCC_WARN_UNUSED_VARIABLE = YES;
				IPHONEOS_DEPLOYMENT_TARGET = 11.2;
				MTL_ENABLE_DEBUG_INFO = YES;
				ONLY_ACTIVE_ARCH = YES;
				SDKROOT = iphoneos;
				SWIFT_ACTIVE_COMPILATION_CONDITIONS = DEBUG;
				SWIFT_OPTIMIZATION_LEVEL = "-Onone";
			};
			name = Debug;
		};
		852B5B3D20663F3B000C1AF3 /* Release */ = {
			isa = XCBuildConfiguration;
			buildSettings = {
				ALWAYS_SEARCH_USER_PATHS = NO;
				CLANG_ANALYZER_NONNULL = YES;
				CLANG_ANALYZER_NUMBER_OBJECT_CONVERSION = YES_AGGRESSIVE;
				CLANG_CXX_LANGUAGE_STANDARD = "gnu++14";
				CLANG_CXX_LIBRARY = "libc++";
				CLANG_ENABLE_MODULES = YES;
				CLANG_ENABLE_OBJC_ARC = YES;
				CLANG_WARN_BLOCK_CAPTURE_AUTORELEASING = YES;
				CLANG_WARN_BOOL_CONVERSION = YES;
				CLANG_WARN_COMMA = YES;
				CLANG_WARN_CONSTANT_CONVERSION = YES;
				CLANG_WARN_DIRECT_OBJC_ISA_USAGE = YES_ERROR;
				CLANG_WARN_DOCUMENTATION_COMMENTS = YES;
				CLANG_WARN_EMPTY_BODY = YES;
				CLANG_WARN_ENUM_CONVERSION = YES;
				CLANG_WARN_INFINITE_RECURSION = YES;
				CLANG_WARN_INT_CONVERSION = YES;
				CLANG_WARN_NON_LITERAL_NULL_CONVERSION = YES;
				CLANG_WARN_OBJC_LITERAL_CONVERSION = YES;
				CLANG_WARN_OBJC_ROOT_CLASS = YES_ERROR;
				CLANG_WARN_RANGE_LOOP_ANALYSIS = YES;
				CLANG_WARN_STRICT_PROTOTYPES = YES;
				CLANG_WARN_SUSPICIOUS_MOVE = YES;
				CLANG_WARN_UNGUARDED_AVAILABILITY = YES_AGGRESSIVE;
				CLANG_WARN_UNREACHABLE_CODE = YES;
				CLANG_WARN__DUPLICATE_METHOD_MATCH = YES;
				CODE_SIGN_IDENTITY = "iPhone Developer";
				COPY_PHASE_STRIP = NO;
				DEBUG_INFORMATION_FORMAT = "dwarf-with-dsym";
				ENABLE_NS_ASSERTIONS = NO;
				ENABLE_STRICT_OBJC_MSGSEND = YES;
				GCC_C_LANGUAGE_STANDARD = gnu11;
				GCC_NO_COMMON_BLOCKS = YES;
				GCC_WARN_64_TO_32_BIT_CONVERSION = YES;
				GCC_WARN_ABOUT_RETURN_TYPE = YES_ERROR;
				GCC_WARN_UNDECLARED_SELECTOR = YES;
				GCC_WARN_UNINITIALIZED_AUTOS = YES_AGGRESSIVE;
				GCC_WARN_UNUSED_FUNCTION = YES;
				GCC_WARN_UNUSED_VARIABLE = YES;
				IPHONEOS_DEPLOYMENT_TARGET = 11.2;
				MTL_ENABLE_DEBUG_INFO = NO;
				SDKROOT = iphoneos;
				SWIFT_OPTIMIZATION_LEVEL = "-Owholemodule";
				VALIDATE_PRODUCT = YES;
			};
			name = Release;
		};
		852B5B3F20663F3B000C1AF3 /* Debug */ = {
			isa = XCBuildConfiguration;
			buildSettings = {
				ASSETCATALOG_COMPILER_APPICON_NAME = AppIcon;
				CODE_SIGN_STYLE = Automatic;
				DEVELOPMENT_TEAM = 955X86W9RG;
				INFOPLIST_FILE = HelloUIPickerView/Info.plist;
				LD_RUNPATH_SEARCH_PATHS = "$(inherited) @executable_path/Frameworks";
				PRODUCT_BUNDLE_IDENTIFIER = com.AppsAdamLin.HelloUIPickerView;
				PRODUCT_NAME = "$(TARGET_NAME)";
				SWIFT_VERSION = 4.0;
				TARGETED_DEVICE_FAMILY = "1,2";
			};
			name = Debug;
		};
		852B5B4020663F3B000C1AF3 /* Release */ = {
			isa = XCBuildConfiguration;
			buildSettings = {
				ASSETCATALOG_COMPILER_APPICON_NAME = AppIcon;
				CODE_SIGN_STYLE = Automatic;
				DEVELOPMENT_TEAM = 955X86W9RG;
				INFOPLIST_FILE = HelloUIPickerView/Info.plist;
				LD_RUNPATH_SEARCH_PATHS = "$(inherited) @executable_path/Frameworks";
				PRODUCT_BUNDLE_IDENTIFIER = com.AppsAdamLin.HelloUIPickerView;
				PRODUCT_NAME = "$(TARGET_NAME)";
				SWIFT_VERSION = 4.0;
				TARGETED_DEVICE_FAMILY = "1,2";
			};
			name = Release;
		};
/* End XCBuildConfiguration section */

/* Begin XCConfigurationList section */
		852B5B2720663F3A000C1AF3 /* Build configuration list for PBXProject "HelloUIPickerView" */ = {
			isa = XCConfigurationList;
			buildConfigurations = (
				852B5B3C20663F3B000C1AF3 /* Debug */,
				852B5B3D20663F3B000C1AF3 /* Release */,
			);
			defaultConfigurationIsVisible = 0;
			defaultConfigurationName = Release;
		};
		852B5B3E20663F3B000C1AF3 /* Build configuration list for PBXNativeTarget "HelloUIPickerView" */ = {
			isa = XCConfigurationList;
			buildConfigurations = (
				852B5B3F20663F3B000C1AF3 /* Debug */,
				852B5B4020663F3B000C1AF3 /* Release */,
			);
			defaultConfigurationIsVisible = 0;
			defaultConfigurationName = Release;
		};
/* End XCConfigurationList section */
	};
	rootObject = 852B5B2420663F3A000C1AF3 /* Project object */;
}
